
Microsoft Visual Studio Solution File, Format Version 11.00
# Visual C++ Express 2010
Project("{8BC9CEB8-8B4A-11D0-8D11-00A0C91BC942}") = "CML", "CML\CML.vcxproj", "{ED6B249C-032A-464A-B6E8-FDE10FD5DB04}"
EndProject
Global
	GlobalSection(SolutionConfigurationPlatforms) = preSolution
		Debug|Win32 = Debug|Win32
		Release|Win32 = Release|Win32
	EndGlobalSection
	GlobalSection(ProjectConfigurationPlatforms) = postSolution
		{ED6B249C-032A-464A-B6E8-FDE10FD5DB04}.Debug|Win32.ActiveCfg = Debug|Win32
		{ED6B249C-032A-464A-B6E8-FDE10FD5DB04}.Debug|Win32.Build.0 = Debug|Win32
		{ED6B249C-032A-464A-B6E8-FDE10FD5DB04}.Release|Win32.ActiveCfg = Release|Win32
		{ED6B249C-032A-464A-B6E8-FDE10FD5DB04}.Release|Win32.Build.0 = Release|Win32
	EndGlobalSection
	GlobalSection(SolutionProperties) = preSolution
		HideSolutionNode = FALSE
	EndGlobalSection
EndGlobal
